{
  "name": "external_modules",
  "version": "1.0.0",
  "lockfileVersion": 1,
  "requires": true,
  "dependencies": {
    "yourserver3001": {
      "version": "1.0.4",
      "resolved": "https://registry.npmjs.org/yourserver3001/-/yourserver3001-1.0.4.tgz",
      "integrity": "sha512-xSPdLOJM21aUfLdAmW9n9cmRFBChP4kNcOa0yohw8XBAEFcAYN09+1SdZpA0ohtRnIomjoTWtqXkQDS0IX0Dog=="
    }
  }
}
